// !$*UTF8*$!
{
	archiveVersion = 1;
	classes = {
	};
	objectVersion = 56;
	objects = {

/* Begin PBXBuildFile section */
		716A15562B32C45D009F4719 /* InvoiceManagerApp.swift in Sources */ = {isa = PBXBuildFile; fileRef = 716A15552B32C45D009F4719 /* InvoiceManagerApp.swift */; };
		716A15582B32C45D009F4719 /* MainView.swift in Sources */ = {isa = PBXBuildFile; fileRef = 716A15572B32C45D009F4719 /* MainView.swift */; };
		716A155A2B32C45E009F4719 /* Assets.xcassets in Resources */ = {isa = PBXBuildFile; fileRef = 716A15592B32C45E009F4719 /* Assets.xcassets */; };
		716A155E2B32C45E009F4719 /* Preview Assets.xcassets in Resources */ = {isa = PBXBuildFile; fileRef = 716A155D2B32C45E009F4719 /* Preview Assets.xcassets */; };
		716A15682B32C45E009F4719 /* InvoiceManagerTests.swift in Sources */ = {isa = PBXBuildFile; fileRef = 716A15672B32C45E009F4719 /* InvoiceManagerTests.swift */; };
		716A15722B32C45E009F4719 /* InvoiceManagerUITests.swift in Sources */ = {isa = PBXBuildFile; fileRef = 716A15712B32C45E009F4719 /* InvoiceManagerUITests.swift */; };
		716A15742B32C45E009F4719 /* InvoiceManagerUITestsLaunchTests.swift in Sources */ = {isa = PBXBuildFile; fileRef = 716A15732B32C45E009F4719 /* InvoiceManagerUITestsLaunchTests.swift */; };
		716A15822B32C4FA009F4719 /* FirebaseAnalytics in Frameworks */ = {isa = PBXBuildFile; productRef = 716A15812B32C4FA009F4719 /* FirebaseAnalytics */; };
		716A15842B32C4FA009F4719 /* FirebaseAuth in Frameworks */ = {isa = PBXBuildFile; productRef = 716A15832B32C4FA009F4719 /* FirebaseAuth */; };
		716A15862B32C4FA009F4719 /* FirebaseFirestore in Frameworks */ = {isa = PBXBuildFile; productRef = 716A15852B32C4FA009F4719 /* FirebaseFirestore */; };
		716A15882B32C4FA009F4719 /* FirebaseFirestoreSwift in Frameworks */ = {isa = PBXBuildFile; productRef = 716A15872B32C4FA009F4719 /* FirebaseFirestoreSwift */; };
		716A158A2B32C5B9009F4719 /* GoogleService-Info.plist in Resources */ = {isa = PBXBuildFile; fileRef = 716A15892B32C5B9009F4719 /* GoogleService-Info.plist */; };
		71F7B71C2B40F25200D9BFF7 /* Extensions.swift in Sources */ = {isa = PBXBuildFile; fileRef = 71F7B71B2B40F25200D9BFF7 /* Extensions.swift */; };
		B2A685F42B341AA10027E32C /* ProfileView.swift in Sources */ = {isa = PBXBuildFile; fileRef = B2A685F32B341AA10027E32C /* ProfileView.swift */; };
		B2A685F62B341AC60027E32C /* InvoiceView.swift in Sources */ = {isa = PBXBuildFile; fileRef = B2A685F52B341AC60027E32C /* InvoiceView.swift */; };
		B2A685F82B341AE00027E32C /* NewInvoiceItemView.swift in Sources */ = {isa = PBXBuildFile; fileRef = B2A685F72B341AE00027E32C /* NewInvoiceItemView.swift */; };
		B2A685FA2B341B080027E32C /* LoginView.swift in Sources */ = {isa = PBXBuildFile; fileRef = B2A685F92B341B080027E32C /* LoginView.swift */; };
		B2A685FC2B341B110027E32C /* SignUpView.swift in Sources */ = {isa = PBXBuildFile; fileRef = B2A685FB2B341B110027E32C /* SignUpView.swift */; };
		B2A685FE2B341B4E0027E32C /* InvoiceItemView.swift in Sources */ = {isa = PBXBuildFile; fileRef = B2A685FD2B341B4E0027E32C /* InvoiceItemView.swift */; };
		B2A686002B341BC70027E32C /* User.swift in Sources */ = {isa = PBXBuildFile; fileRef = B2A685FF2B341BC70027E32C /* User.swift */; };
		B2A686022B341BD90027E32C /* InvoiceItem.swift in Sources */ = {isa = PBXBuildFile; fileRef = B2A686012B341BD90027E32C /* InvoiceItem.swift */; };
		B2A686042B341C200027E32C /* MainViewViewModel.swift in Sources */ = {isa = PBXBuildFile; fileRef = B2A686032B341C200027E32C /* MainViewViewModel.swift */; };
		B2A686062B341C2A0027E32C /* ProfileViewViewModel.swift in Sources */ = {isa = PBXBuildFile; fileRef = B2A686052B341C2A0027E32C /* ProfileViewViewModel.swift */; };
		B2A686082B341C370027E32C /* InvoiceViewViewModel.swift in Sources */ = {isa = PBXBuildFile; fileRef = B2A686072B341C370027E32C /* InvoiceViewViewModel.swift */; };
		B2A6860A2B341C490027E32C /* NewInvoiceItemViewViewModel.swift in Sources */ = {isa = PBXBuildFile; fileRef = B2A686092B341C490027E32C /* NewInvoiceItemViewViewModel.swift */; };
		B2A6860C2B341C570027E32C /* LoginViewViewModel.swift in Sources */ = {isa = PBXBuildFile; fileRef = B2A6860B2B341C570027E32C /* LoginViewViewModel.swift */; };
		B2A6860E2B341C690027E32C /* SignUpViewViewModel.swift in Sources */ = {isa = PBXBuildFile; fileRef = B2A6860D2B341C690027E32C /* SignUpViewViewModel.swift */; };
		B2A686102B341C7F0027E32C /* InvoiceItemViewViewModel.swift in Sources */ = {isa = PBXBuildFile; fileRef = B2A6860F2B341C7F0027E32C /* InvoiceItemViewViewModel.swift */; };
		B2A686152B3424710027E32C /* HeaderView.swift in Sources */ = {isa = PBXBuildFile; fileRef = B2A686142B3424710027E32C /* HeaderView.swift */; };
/* End PBXBuildFile section */

/* Begin PBXContainerItemProxy section */
		716A15642B32C45E009F4719 /* PBXContainerItemProxy */ = {
			isa = PBXContainerItemProxy;
			containerPortal = 716A154A2B32C45D009F4719 /* Project object */;
			proxyType = 1;
			remoteGlobalIDString = 716A15512B32C45D009F4719;
			remoteInfo = InvoiceManager;
		};
		716A156E2B32C45E009F4719 /* PBXContainerItemProxy */ = {
			isa = PBXContainerItemProxy;
			containerPortal = 716A154A2B32C45D009F4719 /* Project object */;
			proxyType = 1;
			remoteGlobalIDString = 716A15512B32C45D009F4719;
			remoteInfo = InvoiceManager;
		};
/* End PBXContainerItemProxy section */

/* Begin PBXFileReference section */
		716A15522B32C45D009F4719 /* InvoiceManager.app */ = {isa = PBXFileReference; explicitFileType = wrapper.application; includeInIndex = 0; path = InvoiceManager.app; sourceTree = BUILT_PRODUCTS_DIR; };
		716A15552B32C45D009F4719 /* InvoiceManagerApp.swift */ = {isa = PBXFileReference; lastKnownFileType = sourcecode.swift; path = InvoiceManagerApp.swift; sourceTree = "<group>"; };
		716A15572B32C45D009F4719 /* MainView.swift */ = {isa = PBXFileReference; lastKnownFileType = sourcecode.swift; path = MainView.swift; sourceTree = "<group>"; };
		716A15592B32C45E009F4719 /* Assets.xcassets */ = {isa = PBXFileReference; lastKnownFileType = folder.assetcatalog; path = Assets.xcassets; sourceTree = "<group>"; };
		716A155B2B32C45E009F4719 /* InvoiceManager.entitlements */ = {isa = PBXFileReference; lastKnownFileType = text.plist.entitlements; path = InvoiceManager.entitlements; sourceTree = "<group>"; };
		716A155D2B32C45E009F4719 /* Preview Assets.xcassets */ = {isa = PBXFileReference; lastKnownFileType = folder.assetcatalog; path = "Preview Assets.xcassets"; sourceTree = "<group>"; };
		716A15632B32C45E009F4719 /* InvoiceManagerTests.xctest */ = {isa = PBXFileReference; explicitFileType = wrapper.cfbundle; includeInIndex = 0; path = InvoiceManagerTests.xctest; sourceTree = BUILT_PRODUCTS_DIR; };
		716A15672B32C45E009F4719 /* InvoiceManagerTests.swift */ = {isa = PBXFileReference; lastKnownFileType = sourcecode.swift; path = InvoiceManagerTests.swift; sourceTree = "<group>"; };
		716A156D2B32C45E009F4719 /* InvoiceManagerUITests.xctest */ = {isa = PBXFileReference; explicitFileType = wrapper.cfbundle; includeInIndex = 0; path = InvoiceManagerUITests.xctest; sourceTree = BUILT_PRODUCTS_DIR; };
		716A15712B32C45E009F4719 /* InvoiceManagerUITests.swift */ = {isa = PBXFileReference; lastKnownFileType = sourcecode.swift; path = InvoiceManagerUITests.swift; sourceTree = "<group>"; };
		716A15732B32C45E009F4719 /* InvoiceManagerUITestsLaunchTests.swift */ = {isa = PBXFileReference; lastKnownFileType = sourcecode.swift; path = InvoiceManagerUITestsLaunchTests.swift; sourceTree = "<group>"; };
		716A15892B32C5B9009F4719 /* GoogleService-Info.plist */ = {isa = PBXFileReference; fileEncoding = 4; lastKnownFileType = text.plist.xml; path = "GoogleService-Info.plist"; sourceTree = "<group>"; };
		71F7B71B2B40F25200D9BFF7 /* Extensions.swift */ = {isa = PBXFileReference; lastKnownFileType = sourcecode.swift; path = Extensions.swift; sourceTree = "<group>"; };
		B2A685F32B341AA10027E32C /* ProfileView.swift */ = {isa = PBXFileReference; lastKnownFileType = sourcecode.swift; path = ProfileView.swift; sourceTree = "<group>"; };
		B2A685F52B341AC60027E32C /* InvoiceView.swift */ = {isa = PBXFileReference; lastKnownFileType = sourcecode.swift; path = InvoiceView.swift; sourceTree = "<group>"; };
		B2A685F72B341AE00027E32C /* NewInvoiceItemView.swift */ = {isa = PBXFileReference; lastKnownFileType = sourcecode.swift; path = NewInvoiceItemView.swift; sourceTree = "<group>"; };
		B2A685F92B341B080027E32C /* LoginView.swift */ = {isa = PBXFileReference; lastKnownFileType = sourcecode.swift; path = LoginView.swift; sourceTree = "<group>"; };
		B2A685FB2B341B110027E32C /* SignUpView.swift */ = {isa = PBXFileReference; lastKnownFileType = sourcecode.swift; path = SignUpView.swift; sourceTree = "<group>"; };
		B2A685FD2B341B4E0027E32C /* InvoiceItemView.swift */ = {isa = PBXFileReference; lastKnownFileType = sourcecode.swift; path = InvoiceItemView.swift; sourceTree = "<group>"; };
		B2A685FF2B341BC70027E32C /* User.swift */ = {isa = PBXFileReference; lastKnownFileType = sourcecode.swift; name = User.swift; path = InvoiceManager/Views/User.swift; sourceTree = SOURCE_ROOT; };
		B2A686012B341BD90027E32C /* InvoiceItem.swift */ = {isa = PBXFileReference; lastKnownFileType = sourcecode.swift; name = InvoiceItem.swift; path = InvoiceManager/Views/InvoiceItem.swift; sourceTree = SOURCE_ROOT; };
		B2A686032B341C200027E32C /* MainViewViewModel.swift */ = {isa = PBXFileReference; lastKnownFileType = sourcecode.swift; name = MainViewViewModel.swift; path = InvoiceManager/Views/MainViewViewModel.swift; sourceTree = SOURCE_ROOT; };
		B2A686052B341C2A0027E32C /* ProfileViewViewModel.swift */ = {isa = PBXFileReference; lastKnownFileType = sourcecode.swift; name = ProfileViewViewModel.swift; path = InvoiceManager/Views/ProfileViewViewModel.swift; sourceTree = SOURCE_ROOT; };
		B2A686072B341C370027E32C /* InvoiceViewViewModel.swift */ = {isa = PBXFileReference; lastKnownFileType = sourcecode.swift; name = InvoiceViewViewModel.swift; path = InvoiceManager/Views/InvoiceViewViewModel.swift; sourceTree = SOURCE_ROOT; };
		B2A686092B341C490027E32C /* NewInvoiceItemViewViewModel.swift */ = {isa = PBXFileReference; lastKnownFileType = sourcecode.swift; name = NewInvoiceItemViewViewModel.swift; path = InvoiceManager/Views/NewInvoiceItemViewViewModel.swift; sourceTree = SOURCE_ROOT; };
		B2A6860B2B341C570027E32C /* LoginViewViewModel.swift */ = {isa = PBXFileReference; lastKnownFileType = sourcecode.swift; name = LoginViewViewModel.swift; path = InvoiceManager/Views/LoginViewViewModel.swift; sourceTree = SOURCE_ROOT; };
		B2A6860D2B341C690027E32C /* SignUpViewViewModel.swift */ = {isa = PBXFileReference; lastKnownFileType = sourcecode.swift; name = SignUpViewViewModel.swift; path = InvoiceManager/Views/SignUpViewViewModel.swift; sourceTree = SOURCE_ROOT; };
		B2A6860F2B341C7F0027E32C /* InvoiceItemViewViewModel.swift */ = {isa = PBXFileReference; lastKnownFileType = sourcecode.swift; name = InvoiceItemViewViewModel.swift; path = InvoiceManager/Views/InvoiceItemViewViewModel.swift; sourceTree = SOURCE_ROOT; };
		B2A686142B3424710027E32C /* HeaderView.swift */ = {isa = PBXFileReference; lastKnownFileType = sourcecode.swift; path = HeaderView.swift; sourceTree = "<group>"; };
/* End PBXFileReference section */

/* Begin PBXFrameworksBuildPhase section */
		716A154F2B32C45D009F4719 /* Frameworks */ = {
			isa = PBXFrameworksBuildPhase;
			buildActionMask = 2147483647;
			files = (
				716A15822B32C4FA009F4719 /* FirebaseAnalytics in Frameworks */,
				716A15842B32C4FA009F4719 /* FirebaseAuth in Frameworks */,
				716A15862B32C4FA009F4719 /* FirebaseFirestore in Frameworks */,
				716A15882B32C4FA009F4719 /* FirebaseFirestoreSwift in Frameworks */,
			);
			runOnlyForDeploymentPostprocessing = 0;
		};
		716A15602B32C45E009F4719 /* Frameworks */ = {
			isa = PBXFrameworksBuildPhase;
			buildActionMask = 2147483647;
			files = (
			);
			runOnlyForDeploymentPostprocessing = 0;
		};
		716A156A2B32C45E009F4719 /* Frameworks */ = {
			isa = PBXFrameworksBuildPhase;
			buildActionMask = 2147483647;
			files = (
			);
			runOnlyForDeploymentPostprocessing = 0;
		};
/* End PBXFrameworksBuildPhase section */

/* Begin PBXGroup section */
		716A15492B32C45D009F4719 = {
			isa = PBXGroup;
			children = (
				716A15542B32C45D009F4719 /* InvoiceManager */,
				716A15662B32C45E009F4719 /* InvoiceManagerTests */,
				716A15702B32C45E009F4719 /* InvoiceManagerUITests */,
				716A15532B32C45D009F4719 /* Products */,
			);
			sourceTree = "<group>";
		};
		716A15532B32C45D009F4719 /* Products */ = {
			isa = PBXGroup;
			children = (
				716A15522B32C45D009F4719 /* InvoiceManager.app */,
				716A15632B32C45E009F4719 /* InvoiceManagerTests.xctest */,
				716A156D2B32C45E009F4719 /* InvoiceManagerUITests.xctest */,
			);
			name = Products;
			sourceTree = "<group>";
		};
		716A15542B32C45D009F4719 /* InvoiceManager */ = {
			isa = PBXGroup;
			children = (
				716A155B2B32C45E009F4719 /* InvoiceManager.entitlements */,
				716A158E2B32C828009F4719 /* Other */,
				716A158D2B32C821009F4719 /* Views */,
				716A158C2B32C81A009F4719 /* ViewModels */,
				716A158B2B32C7EF009F4719 /* Models */,
				716A155C2B32C45E009F4719 /* Preview Content */,
			);
			path = InvoiceManager;
			sourceTree = "<group>";
		};
		716A155C2B32C45E009F4719 /* Preview Content */ = {
			isa = PBXGroup;
			children = (
				716A155D2B32C45E009F4719 /* Preview Assets.xcassets */,
			);
			path = "Preview Content";
			sourceTree = "<group>";
		};
		716A15662B32C45E009F4719 /* InvoiceManagerTests */ = {
			isa = PBXGroup;
			children = (
				716A15672B32C45E009F4719 /* InvoiceManagerTests.swift */,
			);
			path = InvoiceManagerTests;
			sourceTree = "<group>";
		};
		716A15702B32C45E009F4719 /* InvoiceManagerUITests */ = {
			isa = PBXGroup;
			children = (
				716A15712B32C45E009F4719 /* InvoiceManagerUITests.swift */,
				716A15732B32C45E009F4719 /* InvoiceManagerUITestsLaunchTests.swift */,
			);
			path = InvoiceManagerUITests;
			sourceTree = "<group>";
		};
		716A158B2B32C7EF009F4719 /* Models */ = {
			isa = PBXGroup;
			children = (
				B2A685FF2B341BC70027E32C /* User.swift */,
				B2A686012B341BD90027E32C /* InvoiceItem.swift */,
			);
			path = Models;
			sourceTree = "<group>";
		};
		716A158C2B32C81A009F4719 /* ViewModels */ = {
			isa = PBXGroup;
			children = (
				B2A686032B341C200027E32C /* MainViewViewModel.swift */,
				B2A686052B341C2A0027E32C /* ProfileViewViewModel.swift */,
				B2A686072B341C370027E32C /* InvoiceViewViewModel.swift */,
				B2A686092B341C490027E32C /* NewInvoiceItemViewViewModel.swift */,
				B2A6860B2B341C570027E32C /* LoginViewViewModel.swift */,
				B2A6860D2B341C690027E32C /* SignUpViewViewModel.swift */,
				B2A6860F2B341C7F0027E32C /* InvoiceItemViewViewModel.swift */,
			);
			path = ViewModels;
			sourceTree = "<group>";
		};
		716A158D2B32C821009F4719 /* Views */ = {
			isa = PBXGroup;
			children = (
				716A15572B32C45D009F4719 /* MainView.swift */,
				B2A685F32B341AA10027E32C /* ProfileView.swift */,
				B2A685F52B341AC60027E32C /* InvoiceView.swift */,
				B2A685F72B341AE00027E32C /* NewInvoiceItemView.swift */,
				B2A685F92B341B080027E32C /* LoginView.swift */,
				B2A685FB2B341B110027E32C /* SignUpView.swift */,
				B2A685FD2B341B4E0027E32C /* InvoiceItemView.swift */,
				B2A686142B3424710027E32C /* HeaderView.swift */,
			);
			path = Views;
			sourceTree = "<group>";
		};
		716A158E2B32C828009F4719 /* Other */ = {
			isa = PBXGroup;
			children = (
				716A15592B32C45E009F4719 /* Assets.xcassets */,
				716A15552B32C45D009F4719 /* InvoiceManagerApp.swift */,
				716A15892B32C5B9009F4719 /* GoogleService-Info.plist */,
				71F7B71B2B40F25200D9BFF7 /* Extensions.swift */,
			);
			path = Other;
			sourceTree = "<group>";
		};
/* End PBXGroup section */

/* Begin PBXNativeTarget section */
		716A15512B32C45D009F4719 /* InvoiceManager */ = {
			isa = PBXNativeTarget;
			buildConfigurationList = 716A15772B32C45E009F4719 /* Build configuration list for PBXNativeTarget "InvoiceManager" */;
			buildPhases = (
				716A154E2B32C45D009F4719 /* Sources */,
				716A154F2B32C45D009F4719 /* Frameworks */,
				716A15502B32C45D009F4719 /* Resources */,
			);
			buildRules = (
			);
			dependencies = (
			);
			name = InvoiceManager;
			packageProductDependencies = (
				716A15812B32C4FA009F4719 /* FirebaseAnalytics */,
				716A15832B32C4FA009F4719 /* FirebaseAuth */,
				716A15852B32C4FA009F4719 /* FirebaseFirestore */,
				716A15872B32C4FA009F4719 /* FirebaseFirestoreSwift */,
			);
			productName = InvoiceManager;
			productReference = 716A15522B32C45D009F4719 /* InvoiceManager.app */;
			productType = "com.apple.product-type.application";
		};
		716A15622B32C45E009F4719 /* InvoiceManagerTests */ = {
			isa = PBXNativeTarget;
			buildConfigurationList = 716A157A2B32C45E009F4719 /* Build configuration list for PBXNativeTarget "InvoiceManagerTests" */;
			buildPhases = (
				716A155F2B32C45E009F4719 /* Sources */,
				716A15602B32C45E009F4719 /* Frameworks */,
				716A15612B32C45E009F4719 /* Resources */,
			);
			buildRules = (
			);
			dependencies = (
				716A15652B32C45E009F4719 /* PBXTargetDependency */,
			);
			name = InvoiceManagerTests;
			productName = InvoiceManagerTests;
			productReference = 716A15632B32C45E009F4719 /* InvoiceManagerTests.xctest */;
			productType = "com.apple.product-type.bundle.unit-test";
		};
		716A156C2B32C45E009F4719 /* InvoiceManagerUITests */ = {
			isa = PBXNativeTarget;
			buildConfigurationList = 716A157D2B32C45E009F4719 /* Build configuration list for PBXNativeTarget "InvoiceManagerUITests" */;
			buildPhases = (
				716A15692B32C45E009F4719 /* Sources */,
				716A156A2B32C45E009F4719 /* Frameworks */,
				716A156B2B32C45E009F4719 /* Resources */,
			);
			buildRules = (
			);
			dependencies = (
				716A156F2B32C45E009F4719 /* PBXTargetDependency */,
			);
			name = InvoiceManagerUITests;
			productName = InvoiceManagerUITests;
			productReference = 716A156D2B32C45E009F4719 /* InvoiceManagerUITests.xctest */;
			productType = "com.apple.product-type.bundle.ui-testing";
		};
/* End PBXNativeTarget section */

/* Begin PBXProject section */
		716A154A2B32C45D009F4719 /* Project object */ = {
			isa = PBXProject;
			attributes = {
				BuildIndependentTargetsInParallel = 1;
				LastSwiftUpdateCheck = 1510;
				LastUpgradeCheck = 1510;
				TargetAttributes = {
					716A15512B32C45D009F4719 = {
						CreatedOnToolsVersion = 15.1;
						LastSwiftMigration = 1420;
					};
					716A15622B32C45E009F4719 = {
						CreatedOnToolsVersion = 15.1;
						TestTargetID = 716A15512B32C45D009F4719;
					};
					716A156C2B32C45E009F4719 = {
						CreatedOnToolsVersion = 15.1;
						TestTargetID = 716A15512B32C45D009F4719;
					};
				};
			};
			buildConfigurationList = 716A154D2B32C45D009F4719 /* Build configuration list for PBXProject "InvoiceManager" */;
			compatibilityVersion = "Xcode 14.0";
			developmentRegion = en;
			hasScannedForEncodings = 0;
			knownRegions = (
				en,
				Base,
			);
			mainGroup = 716A15492B32C45D009F4719;
			packageReferences = (
				716A15802B32C4FA009F4719 /* XCRemoteSwiftPackageReference "firebase-ios-sdk" */,
			);
			productRefGroup = 716A15532B32C45D009F4719 /* Products */;
			projectDirPath = "";
			projectRoot = "";
			targets = (
				716A15512B32C45D009F4719 /* InvoiceManager */,
				716A15622B32C45E009F4719 /* InvoiceManagerTests */,
				716A156C2B32C45E009F4719 /* InvoiceManagerUITests */,
			);
		};
/* End PBXProject section */

/* Begin PBXResourcesBuildPhase section */
		716A15502B32C45D009F4719 /* Resources */ = {
			isa = PBXResourcesBuildPhase;
			buildActionMask = 2147483647;
			files = (
				716A155E2B32C45E009F4719 /* Preview Assets.xcassets in Resources */,
				716A155A2B32C45E009F4719 /* Assets.xcassets in Resources */,
				716A158A2B32C5B9009F4719 /* GoogleService-Info.plist in Resources */,
			);
			runOnlyForDeploymentPostprocessing = 0;
		};
		716A15612B32C45E009F4719 /* Resources */ = {
			isa = PBXResourcesBuildPhase;
			buildActionMask = 2147483647;
			files = (
			);
			runOnlyForDeploymentPostprocessing = 0;
		};
		716A156B2B32C45E009F4719 /* Resources */ = {
			isa = PBXResourcesBuildPhase;
			buildActionMask = 2147483647;
			files = (
			);
			runOnlyForDeploymentPostprocessing = 0;
		};
/* End PBXResourcesBuildPhase section */

/* Begin PBXSourcesBuildPhase section */
		716A154E2B32C45D009F4719 /* Sources */ = {
			isa = PBXSourcesBuildPhase;
			buildActionMask = 2147483647;
			files = (
				B2A685FA2B341B080027E32C /* LoginView.swift in Sources */,
				B2A686152B3424710027E32C /* HeaderView.swift in Sources */,
				B2A6860E2B341C690027E32C /* SignUpViewViewModel.swift in Sources */,
				716A15582B32C45D009F4719 /* MainView.swift in Sources */,
				B2A686042B341C200027E32C /* MainViewViewModel.swift in Sources */,
				B2A6860A2B341C490027E32C /* NewInvoiceItemViewViewModel.swift in Sources */,
				B2A685F42B341AA10027E32C /* ProfileView.swift in Sources */,
				71F7B71C2B40F25200D9BFF7 /* Extensions.swift in Sources */,
				B2A685FC2B341B110027E32C /* SignUpView.swift in Sources */,
				B2A686062B341C2A0027E32C /* ProfileViewViewModel.swift in Sources */,
				716A15562B32C45D009F4719 /* InvoiceManagerApp.swift in Sources */,
				B2A686002B341BC70027E32C /* User.swift in Sources */,
				B2A686022B341BD90027E32C /* InvoiceItem.swift in Sources */,
				B2A6860C2B341C570027E32C /* LoginViewViewModel.swift in Sources */,
				B2A686082B341C370027E32C /* InvoiceViewViewModel.swift in Sources */,
				B2A686102B341C7F0027E32C /* InvoiceItemViewViewModel.swift in Sources */,
				B2A685F62B341AC60027E32C /* InvoiceView.swift in Sources */,
				B2A685F82B341AE00027E32C /* NewInvoiceItemView.swift in Sources */,
				B2A685FE2B341B4E0027E32C /* InvoiceItemView.swift in Sources */,
			);
			runOnlyForDeploymentPostprocessing = 0;
		};
		716A155F2B32C45E009F4719 /* Sources */ = {
			isa = PBXSourcesBuildPhase;
			buildActionMask = 2147483647;
			files = (
				716A15682B32C45E009F4719 /* InvoiceManagerTests.swift in Sources */,
			);
			runOnlyForDeploymentPostprocessing = 0;
		};
		716A15692B32C45E009F4719 /* Sources */ = {
			isa = PBXSourcesBuildPhase;
			buildActionMask = 2147483647;
			files = (
				716A15742B32C45E009F4719 /* InvoiceManagerUITestsLaunchTests.swift in Sources */,
				716A15722B32C45E009F4719 /* InvoiceManagerUITests.swift in Sources */,
			);
			runOnlyForDeploymentPostprocessing = 0;
		};
/* End PBXSourcesBuildPhase section */

/* Begin PBXTargetDependency section */
		716A15652B32C45E009F4719 /* PBXTargetDependency */ = {
			isa = PBXTargetDependency;
			target = 716A15512B32C45D009F4719 /* InvoiceManager */;
			targetProxy = 716A15642B32C45E009F4719 /* PBXContainerItemProxy */;
		};
		716A156F2B32C45E009F4719 /* PBXTargetDependency */ = {
			isa = PBXTargetDependency;
			target = 716A15512B32C45D009F4719 /* InvoiceManager */;
			targetProxy = 716A156E2B32C45E009F4719 /* PBXContainerItemProxy */;
		};
/* End PBXTargetDependency section */

/* Begin XCBuildConfiguration section */
		716A15752B32C45E009F4719 /* Debug */ = {
			isa = XCBuildConfiguration;
			buildSettings = {
				ALWAYS_SEARCH_USER_PATHS = NO;
				ASSETCATALOG_COMPILER_GENERATE_SWIFT_ASSET_SYMBOL_EXTENSIONS = YES;
				CLANG_ANALYZER_NONNULL = YES;
				CLANG_ANALYZER_NUMBER_OBJECT_CONVERSION = YES_AGGRESSIVE;
				CLANG_CXX_LANGUAGE_STANDARD = "gnu++20";
				CLANG_ENABLE_MODULES = YES;
				CLANG_ENABLE_OBJC_ARC = YES;
				CLANG_ENABLE_OBJC_WEAK = YES;
				CLANG_WARN_BLOCK_CAPTURE_AUTORELEASING = YES;
				CLANG_WARN_BOOL_CONVERSION = YES;
				CLANG_WARN_COMMA = YES;
				CLANG_WARN_CONSTANT_CONVERSION = YES;
				CLANG_WARN_DEPRECATED_OBJC_IMPLEMENTATIONS = YES;
				CLANG_WARN_DIRECT_OBJC_ISA_USAGE = YES_ERROR;
				CLANG_WARN_DOCUMENTATION_COMMENTS = YES;
				CLANG_WARN_EMPTY_BODY = YES;
				CLANG_WARN_ENUM_CONVERSION = YES;
				CLANG_WARN_INFINITE_RECURSION = YES;
				CLANG_WARN_INT_CONVERSION = YES;
				CLANG_WARN_NON_LITERAL_NULL_CONVERSION = YES;
				CLANG_WARN_OBJC_IMPLICIT_RETAIN_SELF = YES;
				CLANG_WARN_OBJC_LITERAL_CONVERSION = YES;
				CLANG_WARN_OBJC_ROOT_CLASS = YES_ERROR;
				CLANG_WARN_QUOTED_INCLUDE_IN_FRAMEWORK_HEADER = YES;
				CLANG_WARN_RANGE_LOOP_ANALYSIS = YES;
				CLANG_WARN_STRICT_PROTOTYPES = YES;
				CLANG_WARN_SUSPICIOUS_MOVE = YES;
				CLANG_WARN_UNGUARDED_AVAILABILITY = YES_AGGRESSIVE;
				CLANG_WARN_UNREACHABLE_CODE = YES;
				CLANG_WARN__DUPLICATE_METHOD_MATCH = YES;
				COPY_PHASE_STRIP = NO;
				DEBUG_INFORMATION_FORMAT = dwarf;
				ENABLE_STRICT_OBJC_MSGSEND = YES;
				ENABLE_TESTABILITY = YES;
				ENABLE_USER_SCRIPT_SANDBOXING = YES;
				GCC_C_LANGUAGE_STANDARD = gnu17;
				GCC_DYNAMIC_NO_PIC = NO;
				GCC_NO_COMMON_BLOCKS = YES;
				GCC_OPTIMIZATION_LEVEL = 0;
				GCC_PREPROCESSOR_DEFINITIONS = (
					"DEBUG=1",
					"$(inherited)",
				);
				GCC_WARN_64_TO_32_BIT_CONVERSION = YES;
				GCC_WARN_ABOUT_RETURN_TYPE = YES_ERROR;
				GCC_WARN_UNDECLARED_SELECTOR = YES;
				GCC_WARN_UNINITIALIZED_AUTOS = YES_AGGRESSIVE;
				GCC_WARN_UNUSED_FUNCTION = YES;
				GCC_WARN_UNUSED_VARIABLE = YES;
				LOCALIZATION_PREFERS_STRING_CATALOGS = YES;
				MTL_ENABLE_DEBUG_INFO = INCLUDE_SOURCE;
				MTL_FAST_MATH = YES;
				ONLY_ACTIVE_ARCH = YES;
				SWIFT_ACTIVE_COMPILATION_CONDITIONS = "DEBUG $(inherited)";
				SWIFT_OPTIMIZATION_LEVEL = "-Onone";
			};
			name = Debug;
		};
		716A15762B32C45E009F4719 /* Release */ = {
			isa = XCBuildConfiguration;
			buildSettings = {
				ALWAYS_SEARCH_USER_PATHS = NO;
				ASSETCATALOG_COMPILER_GENERATE_SWIFT_ASSET_SYMBOL_EXTENSIONS = YES;
				CLANG_ANALYZER_NONNULL = YES;
				CLANG_ANALYZER_NUMBER_OBJECT_CONVERSION = YES_AGGRESSIVE;
				CLANG_CXX_LANGUAGE_STANDARD = "gnu++20";
				CLANG_ENABLE_MODULES = YES;
				CLANG_ENABLE_OBJC_ARC = YES;
				CLANG_ENABLE_OBJC_WEAK = YES;
				CLANG_WARN_BLOCK_CAPTURE_AUTORELEASING = YES;
				CLANG_WARN_BOOL_CONVERSION = YES;
				CLANG_WARN_COMMA = YES;
				CLANG_WARN_CONSTANT_CONVERSION = YES;
				CLANG_WARN_DEPRECATED_OBJC_IMPLEMENTATIONS = YES;
				CLANG_WARN_DIRECT_OBJC_ISA_USAGE = YES_ERROR;
				CLANG_WARN_DOCUMENTATION_COMMENTS = YES;
				CLANG_WARN_EMPTY_BODY = YES;
				CLANG_WARN_ENUM_CONVERSION = YES;
				CLANG_WARN_INFINITE_RECURSION = YES;
				CLANG_WARN_INT_CONVERSION = YES;
				CLANG_WARN_NON_LITERAL_NULL_CONVERSION = YES;
				CLANG_WARN_OBJC_IMPLICIT_RETAIN_SELF = YES;
				CLANG_WARN_OBJC_LITERAL_CONVERSION = YES;
				CLANG_WARN_OBJC_ROOT_CLASS = YES_ERROR;
				CLANG_WARN_QUOTED_INCLUDE_IN_FRAMEWORK_HEADER = YES;
				CLANG_WARN_RANGE_LOOP_ANALYSIS = YES;
				CLANG_WARN_STRICT_PROTOTYPES = YES;
				CLANG_WARN_SUSPICIOUS_MOVE = YES;
				CLANG_WARN_UNGUARDED_AVAILABILITY = YES_AGGRESSIVE;
				CLANG_WARN_UNREACHABLE_CODE = YES;
				CLANG_WARN__DUPLICATE_METHOD_MATCH = YES;
				COPY_PHASE_STRIP = NO;
				DEBUG_INFORMATION_FORMAT = "dwarf-with-dsym";
				ENABLE_NS_ASSERTIONS = NO;
				ENABLE_STRICT_OBJC_MSGSEND = YES;
				ENABLE_USER_SCRIPT_SANDBOXING = YES;
				GCC_C_LANGUAGE_STANDARD = gnu17;
				GCC_NO_COMMON_BLOCKS = YES;
				GCC_WARN_64_TO_32_BIT_CONVERSION = YES;
				GCC_WARN_ABOUT_RETURN_TYPE = YES_ERROR;
				GCC_WARN_UNDECLARED_SELECTOR = YES;
				GCC_WARN_UNINITIALIZED_AUTOS = YES_AGGRESSIVE;
				GCC_WARN_UNUSED_FUNCTION = YES;
				GCC_WARN_UNUSED_VARIABLE = YES;
				LOCALIZATION_PREFERS_STRING_CATALOGS = YES;
				MTL_ENABLE_DEBUG_INFO = NO;
				MTL_FAST_MATH = YES;
				SWIFT_COMPILATION_MODE = wholemodule;
			};
			name = Release;
		};
		716A15782B32C45E009F4719 /* Debug */ = {
			isa = XCBuildConfiguration;
			buildSettings = {
				ASSETCATALOG_COMPILER_APPICON_NAME = AppIcon;
				ASSETCATALOG_COMPILER_GLOBAL_ACCENT_COLOR_NAME = AccentColor;
				CLANG_ENABLE_MODULES = YES;
				CODE_SIGN_ENTITLEMENTS = InvoiceManager/InvoiceManager.entitlements;
				CODE_SIGN_STYLE = Automatic;
				CURRENT_PROJECT_VERSION = 1;
				DEVELOPMENT_ASSET_PATHS = "\"InvoiceManager/Preview Content\"";
				ENABLE_PREVIEWS = YES;
				GENERATE_INFOPLIST_FILE = YES;
				INFOPLIST_KEY_CFBundleDisplayName = easybill;
				"INFOPLIST_KEY_UIApplicationSceneManifest_Generation[sdk=iphoneos*]" = YES;
				"INFOPLIST_KEY_UIApplicationSceneManifest_Generation[sdk=iphonesimulator*]" = YES;
				"INFOPLIST_KEY_UIApplicationSupportsIndirectInputEvents[sdk=iphoneos*]" = YES;
				"INFOPLIST_KEY_UIApplicationSupportsIndirectInputEvents[sdk=iphonesimulator*]" = YES;
				"INFOPLIST_KEY_UILaunchScreen_Generation[sdk=iphoneos*]" = YES;
				"INFOPLIST_KEY_UILaunchScreen_Generation[sdk=iphonesimulator*]" = YES;
				"INFOPLIST_KEY_UIStatusBarStyle[sdk=iphoneos*]" = UIStatusBarStyleDefault;
				"INFOPLIST_KEY_UIStatusBarStyle[sdk=iphonesimulator*]" = UIStatusBarStyleDefault;
				INFOPLIST_KEY_UISupportedInterfaceOrientations = UIInterfaceOrientationPortrait;
				IPHONEOS_DEPLOYMENT_TARGET = 16.0;
				LD_RUNPATH_SEARCH_PATHS = "@executable_path/Frameworks";
				"LD_RUNPATH_SEARCH_PATHS[sdk=macosx*]" = "@executable_path/../Frameworks";
				MACOSX_DEPLOYMENT_TARGET = 12.4;
				MARKETING_VERSION = 1.0;
				PRODUCT_BUNDLE_IDENTIFIER = rpk.InvoiceManager;
				PRODUCT_NAME = "$(TARGET_NAME)";
				SDKROOT = auto;
				SUPPORTED_PLATFORMS = "iphoneos iphonesimulator macosx";
				SWIFT_EMIT_LOC_STRINGS = YES;
				SWIFT_OPTIMIZATION_LEVEL = "-Onone";
				SWIFT_VERSION = 5.0;
				TARGETED_DEVICE_FAMILY = "1,2";
			};
			name = Debug;
		};
		716A15792B32C45E009F4719 /* Release */ = {
			isa = XCBuildConfiguration;
			buildSettings = {
				ASSETCATALOG_COMPILER_APPICON_NAME = AppIcon;
				ASSETCATALOG_COMPILER_GLOBAL_ACCENT_COLOR_NAME = AccentColor;
				CLANG_ENABLE_MODULES = YES;
				CODE_SIGN_ENTITLEMENTS = InvoiceManager/InvoiceManager.entitlements;
				CODE_SIGN_STYLE = Automatic;
				CURRENT_PROJECT_VERSION = 1;
				DEVELOPMENT_ASSET_PATHS = "\"InvoiceManager/Preview Content\"";
				ENABLE_PREVIEWS = YES;
				GENERATE_INFOPLIST_FILE = YES;
				INFOPLIST_KEY_CFBundleDisplayName = easybill;
				"INFOPLIST_KEY_UIApplicationSceneManifest_Generation[sdk=iphoneos*]" = YES;
				"INFOPLIST_KEY_UIApplicationSceneManifest_Generation[sdk=iphonesimulator*]" = YES;
				"INFOPLIST_KEY_UIApplicationSupportsIndirectInputEvents[sdk=iphoneos*]" = YES;
				"INFOPLIST_KEY_UIApplicationSupportsIndirectInputEvents[sdk=iphonesimulator*]" = YES;
				"INFOPLIST_KEY_UILaunchScreen_Generation[sdk=iphoneos*]" = YES;
				"INFOPLIST_KEY_UILaunchScreen_Generation[sdk=iphonesimulator*]" = YES;
				"INFOPLIST_KEY_UIStatusBarStyle[sdk=iphoneos*]" = UIStatusBarStyleDefault;
				"INFOPLIST_KEY_UIStatusBarStyle[sdk=iphonesimulator*]" = UIStatusBarStyleDefault;
				INFOPLIST_KEY_UISupportedInterfaceOrientations = UIInterfaceOrientationPortrait;
				IPHONEOS_DEPLOYMENT_TARGET = 16.0;
				LD_RUNPATH_SEARCH_PATHS = "@executable_path/Frameworks";
				"LD_RUNPATH_SEARCH_PATHS[sdk=macosx*]" = "@executable_path/../Frameworks";
				MACOSX_DEPLOYMENT_TARGET = 12.4;
				MARKETING_VERSION = 1.0;
				PRODUCT_BUNDLE_IDENTIFIER = rpk.InvoiceManager;
				PRODUCT_NAME = "$(TARGET_NAME)";
				SDKROOT = auto;
				SUPPORTED_PLATFORMS = "iphoneos iphonesimulator macosx";
				SWIFT_EMIT_LOC_STRINGS = YES;
				SWIFT_VERSION = 5.0;
				TARGETED_DEVICE_FAMILY = "1,2";
			};
			name = Release;
		};
		716A157B2B32C45E009F4719 /* Debug */ = {
			isa = XCBuildConfiguration;
			buildSettings = {
				ALWAYS_EMBED_SWIFT_STANDARD_LIBRARIES = YES;
				BUNDLE_LOADER = "$(TEST_HOST)";
				CODE_SIGN_STYLE = Automatic;
				CURRENT_PROJECT_VERSION = 1;
				GENERATE_INFOPLIST_FILE = YES;
				IPHONEOS_DEPLOYMENT_TARGET = 17.2;
				MACOSX_DEPLOYMENT_TARGET = 13.5;
				MARKETING_VERSION = 1.0;
				PRODUCT_BUNDLE_IDENTIFIER = rpk.InvoiceManagerTests;
				PRODUCT_NAME = "$(TARGET_NAME)";
				SDKROOT = auto;
				SUPPORTED_PLATFORMS = "iphoneos iphonesimulator macosx";
				SWIFT_EMIT_LOC_STRINGS = NO;
				SWIFT_VERSION = 5.0;
				TARGETED_DEVICE_FAMILY = "1,2";
				TEST_HOST = "$(BUILT_PRODUCTS_DIR)/InvoiceManager.app/$(BUNDLE_EXECUTABLE_FOLDER_PATH)/InvoiceManager";
			};
			name = Debug;
		};
		716A157C2B32C45E009F4719 /* Release */ = {
			isa = XCBuildConfiguration;
			buildSettings = {
				ALWAYS_EMBED_SWIFT_STANDARD_LIBRARIES = YES;
				BUNDLE_LOADER = "$(TEST_HOST)";
				CODE_SIGN_STYLE = Automatic;
				CURRENT_PROJECT_VERSION = 1;
				GENERATE_INFOPLIST_FILE = YES;
				IPHONEOS_DEPLOYMENT_TARGET = 17.2;
				MACOSX_DEPLOYMENT_TARGET = 13.5;
				MARKETING_VERSION = 1.0;
				PRODUCT_BUNDLE_IDENTIFIER = rpk.InvoiceManagerTests;
				PRODUCT_NAME = "$(TARGET_NAME)";
				SDKROOT = auto;
				SUPPORTED_PLATFORMS = "iphoneos iphonesimulator macosx";
				SWIFT_EMIT_LOC_STRINGS = NO;
				SWIFT_VERSION = 5.0;
				TARGETED_DEVICE_FAMILY = "1,2";
				TEST_HOST = "$(BUILT_PRODUCTS_DIR)/InvoiceManager.app/$(BUNDLE_EXECUTABLE_FOLDER_PATH)/InvoiceManager";
			};
			name = Release;
		};
		716A157E2B32C45E009F4719 /* Debug */ = {
			isa = XCBuildConfiguration;
			buildSettings = {
				ALWAYS_EMBED_SWIFT_STANDARD_LIBRARIES = YES;
				CODE_SIGN_STYLE = Automatic;
				CURRENT_PROJECT_VERSION = 1;
				GENERATE_INFOPLIST_FILE = YES;
				IPHONEOS_DEPLOYMENT_TARGET = 17.2;
				MACOSX_DEPLOYMENT_TARGET = 13.5;
				MARKETING_VERSION = 1.0;
				PRODUCT_BUNDLE_IDENTIFIER = rpk.InvoiceManagerUITests;
				PRODUCT_NAME = "$(TARGET_NAME)";
				SDKROOT = auto;
				SUPPORTED_PLATFORMS = "iphoneos iphonesimulator macosx";
				SWIFT_EMIT_LOC_STRINGS = NO;
				SWIFT_VERSION = 5.0;
				TARGETED_DEVICE_FAMILY = "1,2";
				TEST_TARGET_NAME = InvoiceManager;
			};
			name = Debug;
		};
		716A157F2B32C45E009F4719 /* Release */ = {
			isa = XCBuildConfiguration;
			buildSettings = {
				ALWAYS_EMBED_SWIFT_STANDARD_LIBRARIES = YES;
				CODE_SIGN_STYLE = Automatic;
				CURRENT_PROJECT_VERSION = 1;
				GENERATE_INFOPLIST_FILE = YES;
				IPHONEOS_DEPLOYMENT_TARGET = 17.2;
				MACOSX_DEPLOYMENT_TARGET = 13.5;
				MARKETING_VERSION = 1.0;
				PRODUCT_BUNDLE_IDENTIFIER = rpk.InvoiceManagerUITests;
				PRODUCT_NAME = "$(TARGET_NAME)";
				SDKROOT = auto;
				SUPPORTED_PLATFORMS = "iphoneos iphonesimulator macosx";
				SWIFT_EMIT_LOC_STRINGS = NO;
				SWIFT_VERSION = 5.0;
				TARGETED_DEVICE_FAMILY = "1,2";
				TEST_TARGET_NAME = InvoiceManager;
			};
			name = Release;
		};
/* End XCBuildConfiguration section */

/* Begin XCConfigurationList section */
		716A154D2B32C45D009F4719 /* Build configuration list for PBXProject "InvoiceManager" */ = {
			isa = XCConfigurationList;
			buildConfigurations = (
				716A15752B32C45E009F4719 /* Debug */,
				716A15762B32C45E009F4719 /* Release */,
			);
			defaultConfigurationIsVisible = 0;
			defaultConfigurationName = Release;
		};
		716A15772B32C45E009F4719 /* Build configuration list for PBXNativeTarget "InvoiceManager" */ = {
			isa = XCConfigurationList;
			buildConfigurations = (
				716A15782B32C45E009F4719 /* Debug */,
				716A15792B32C45E009F4719 /* Release */,
			);
			defaultConfigurationIsVisible = 0;
			defaultConfigurationName = Release;
		};
		716A157A2B32C45E009F4719 /* Build configuration list for PBXNativeTarget "InvoiceManagerTests" */ = {
			isa = XCConfigurationList;
			buildConfigurations = (
				716A157B2B32C45E009F4719 /* Debug */,
				716A157C2B32C45E009F4719 /* Release */,
			);
			defaultConfigurationIsVisible = 0;
			defaultConfigurationName = Release;
		};
		716A157D2B32C45E009F4719 /* Build configuration list for PBXNativeTarget "InvoiceManagerUITests" */ = {
			isa = XCConfigurationList;
			buildConfigurations = (
				716A157E2B32C45E009F4719 /* Debug */,
				716A157F2B32C45E009F4719 /* Release */,
			);
			defaultConfigurationIsVisible = 0;
			defaultConfigurationName = Release;
		};
/* End XCConfigurationList section */

/* Begin XCRemoteSwiftPackageReference section */
		716A15802B32C4FA009F4719 /* XCRemoteSwiftPackageReference "firebase-ios-sdk" */ = {
			isa = XCRemoteSwiftPackageReference;
			repositoryURL = "https://github.com/firebase/firebase-ios-sdk";
			requirement = {
				kind = upToNextMajorVersion;
				minimumVersion = 10.19.1;
			};
		};
/* End XCRemoteSwiftPackageReference section */

/* Begin XCSwiftPackageProductDependency section */
		716A15812B32C4FA009F4719 /* FirebaseAnalytics */ = {
			isa = XCSwiftPackageProductDependency;
			package = 716A15802B32C4FA009F4719 /* XCRemoteSwiftPackageReference "firebase-ios-sdk" */;
			productName = FirebaseAnalytics;
		};
		716A15832B32C4FA009F4719 /* FirebaseAuth */ = {
			isa = XCSwiftPackageProductDependency;
			package = 716A15802B32C4FA009F4719 /* XCRemoteSwiftPackageReference "firebase-ios-sdk" */;
			productName = FirebaseAuth;
		};
		716A15852B32C4FA009F4719 /* FirebaseFirestore */ = {
			isa = XCSwiftPackageProductDependency;
			package = 716A15802B32C4FA009F4719 /* XCRemoteSwiftPackageReference "firebase-ios-sdk" */;
			productName = FirebaseFirestore;
		};
		716A15872B32C4FA009F4719 /* FirebaseFirestoreSwift */ = {
			isa = XCSwiftPackageProductDependency;
			package = 716A15802B32C4FA009F4719 /* XCRemoteSwiftPackageReference "firebase-ios-sdk" */;
			productName = FirebaseFirestoreSwift;
		};
/* End XCSwiftPackageProductDependency section */
	};
	rootObject = 716A154A2B32C45D009F4719 /* Project object */;
}
